
Microsoft Visual Studio Solution File, Format Version 12.00
# Visual Studio Version 16
VisualStudioVersion = 16.0.30002.166
MinimumVisualStudioVersion = 10.0.40219.1
Project("{9A19103F-16F7-4668-BE54-9A1E7A4F7556}") = "TitanGate.WebSiteStore.Api", "WebSiteApi\TitanGate.WebSiteStore.Api.csproj", "{77B5B7C7-E45C-4179-B832-9CAEEA544624}"
EndProject
Project("{9A19103F-16F7-4668-BE54-9A1E7A4F7556}") = "TitanGate.WebSiteStore.Entities", "TitanGate.Entities\TitanGate.WebSiteStore.Entities.csproj", "{6280DB0A-E9D5-4C55-93AA-FD8184D637E0}"
EndProject
Project("{9A19103F-16F7-4668-BE54-9A1E7A4F7556}") = "TitanGate.WebSiteStore.Repository", "TitanGate.WebSiteStore.Repository\TitanGate.WebSiteStore.Repository.csproj", "{3B52627B-89E5-4134-96B8-9BA994367FD1}"
EndProject
Project("{9A19103F-16F7-4668-BE54-9A1E7A4F7556}") = "TitanGate.WebSiteStore.Services", "TitanGate.WebSiteStore.Services\TitanGate.WebSiteStore.Services.csproj", "{7D550FC6-4E49-4BD2-A04E-D3297DE41A90}"
EndProject
Project("{9A19103F-16F7-4668-BE54-9A1E7A4F7556}") = "TitanGate.WebSiteStore.DapperRepository", "TitanGate.WebSiteStore.RepositoryImpl\TitanGate.WebSiteStore.DapperRepository.csproj", "{F3E8F802-0755-46DA-BE3B-8FB566C61825}"
EndProject
Project("{FAE04EC0-301F-11D3-BF4B-00C04F79EFBC}") = "TitanGate.WebSiteStore.Services.Test", "TitanGate.WebSiteStore.Services.Test\TitanGate.WebSiteStore.Services.Test.csproj", "{0500EFC7-76CF-435F-8831-4598AAC5A41B}"
EndProject
Global
	GlobalSection(SolutionConfigurationPlatforms) = preSolution
		Debug|Any CPU = Debug|Any CPU
		Release|Any CPU = Release|Any CPU
	EndGlobalSection
	GlobalSection(ProjectConfigurationPlatforms) = postSolution
		{77B5B7C7-E45C-4179-B832-9CAEEA544624}.Debug|Any CPU.ActiveCfg = Debug|Any CPU
		{77B5B7C7-E45C-4179-B832-9CAEEA544624}.Debug|Any CPU.Build.0 = Debug|Any CPU
		{77B5B7C7-E45C-4179-B832-9CAEEA544624}.Release|Any CPU.ActiveCfg = Release|Any CPU
		{77B5B7C7-E45C-4179-B832-9CAEEA544624}.Release|Any CPU.Build.0 = Release|Any CPU
		{6280DB0A-E9D5-4C55-93AA-FD8184D637E0}.Debug|Any CPU.ActiveCfg = Debug|Any CPU
		{6280DB0A-E9D5-4C55-93AA-FD8184D637E0}.Debug|Any CPU.Build.0 = Debug|Any CPU
		{6280DB0A-E9D5-4C55-93AA-FD8184D637E0}.Release|Any CPU.ActiveCfg = Release|Any CPU
		{6280DB0A-E9D5-4C55-93AA-FD8184D637E0}.Release|Any CPU.Build.0 = Release|Any CPU
		{3B52627B-89E5-4134-96B8-9BA994367FD1}.Debug|Any CPU.ActiveCfg = Debug|Any CPU
		{3B52627B-89E5-4134-96B8-9BA994367FD1}.Debug|Any CPU.Build.0 = Debug|Any CPU
		{3B52627B-89E5-4134-96B8-9BA994367FD1}.Release|Any CPU.ActiveCfg = Release|Any CPU
		{3B52627B-89E5-4134-96B8-9BA994367FD1}.Release|Any CPU.Build.0 = Release|Any CPU
		{7D550FC6-4E49-4BD2-A04E-D3297DE41A90}.Debug|Any CPU.ActiveCfg = Debug|Any CPU
		{7D550FC6-4E49-4BD2-A04E-D3297DE41A90}.Debug|Any CPU.Build.0 = Debug|Any CPU
		{7D550FC6-4E49-4BD2-A04E-D3297DE41A90}.Release|Any CPU.ActiveCfg = Release|Any CPU
		{7D550FC6-4E49-4BD2-A04E-D3297DE41A90}.Release|Any CPU.Build.0 = Release|Any CPU
		{F3E8F802-0755-46DA-BE3B-8FB566C61825}.Debug|Any CPU.ActiveCfg = Debug|Any CPU
		{F3E8F802-0755-46DA-BE3B-8FB566C61825}.Debug|Any CPU.Build.0 = Debug|Any CPU
		{F3E8F802-0755-46DA-BE3B-8FB566C61825}.Release|Any CPU.ActiveCfg = Release|Any CPU
		{F3E8F802-0755-46DA-BE3B-8FB566C61825}.Release|Any CPU.Build.0 = Release|Any CPU
		{0500EFC7-76CF-435F-8831-4598AAC5A41B}.Debug|Any CPU.ActiveCfg = Debug|Any CPU
		{0500EFC7-76CF-435F-8831-4598AAC5A41B}.Debug|Any CPU.Build.0 = Debug|Any CPU
		{0500EFC7-76CF-435F-8831-4598AAC5A41B}.Release|Any CPU.ActiveCfg = Release|Any CPU
		{0500EFC7-76CF-435F-8831-4598AAC5A41B}.Release|Any CPU.Build.0 = Release|Any CPU
	EndGlobalSection
	GlobalSection(SolutionProperties) = preSolution
		HideSolutionNode = FALSE
	EndGlobalSection
	GlobalSection(ExtensibilityGlobals) = postSolution
		SolutionGuid = {503DB2AE-FE6D-4C03-93B2-DF9A95887812}
	EndGlobalSection
EndGlobal
